// !$*UTF8*$!
{
	archiveVersion = 1;
	classes = {
	};
	objectVersion = 50;
	objects = {

/* Begin PBXBuildFile section */
		F7513E7621D9EF57009A4939 /* AppDelegate.swift in Sources */ = {isa = PBXBuildFile; fileRef = F7513E7521D9EF57009A4939 /* AppDelegate.swift */; };
		F7513E7821D9EF57009A4939 /* ViewController.swift in Sources */ = {isa = PBXBuildFile; fileRef = F7513E7721D9EF57009A4939 /* ViewController.swift */; };
		F7513E7B21D9EF57009A4939 /* Main.storyboard in Resources */ = {isa = PBXBuildFile; fileRef = F7513E7921D9EF57009A4939 /* Main.storyboard */; };
		F7513E7D21D9EF59009A4939 /* Assets.xcassets in Resources */ = {isa = PBXBuildFile; fileRef = F7513E7C21D9EF59009A4939 /* Assets.xcassets */; };
		F7513E8021D9EF59009A4939 /* LaunchScreen.storyboard in Resources */ = {isa = PBXBuildFile; fileRef = F7513E7E21D9EF59009A4939 /* LaunchScreen.storyboard */; };
		F7513E8B21D9EF59009A4939 /* tipcalcTests.swift in Sources */ = {isa = PBXBuildFile; fileRef = F7513E8A21D9EF59009A4939 /* tipcalcTests.swift */; };
		F7513E9621D9EF59009A4939 /* tipcalcUITests.swift in Sources */ = {isa = PBXBuildFile; fileRef = F7513E9521D9EF59009A4939 /* tipcalcUITests.swift */; };
/* End PBXBuildFile section */

/* Begin PBXContainerItemProxy section */
		F7513E8721D9EF59009A4939 /* PBXContainerItemProxy */ = {
			isa = PBXContainerItemProxy;
			containerPortal = F7513E6A21D9EF57009A4939 /* Project object */;
			proxyType = 1;
			remoteGlobalIDString = F7513E7121D9EF57009A4939;
			remoteInfo = tipcalc;
		};
		F7513E9221D9EF59009A4939 /* PBXContainerItemProxy */ = {
			isa = PBXContainerItemProxy;
			containerPortal = F7513E6A21D9EF57009A4939 /* Project object */;
			proxyType = 1;
			remoteGlobalIDString = F7513E7121D9EF57009A4939;
			remoteInfo = tipcalc;
		};
/* End PBXContainerItemProxy section */

/* Begin PBXFileReference section */
		F7513E7221D9EF57009A4939 /* tipcalc.app */ = {isa = PBXFileReference; explicitFileType = wrapper.application; includeInIndex = 0; path = tipcalc.app; sourceTree = BUILT_PRODUCTS_DIR; };
		F7513E7521D9EF57009A4939 /* AppDelegate.swift */ = {isa = PBXFileReference; lastKnownFileType = sourcecode.swift; path = AppDelegate.swift; sourceTree = "<group>"; };
		F7513E7721D9EF57009A4939 /* ViewController.swift */ = {isa = PBXFileReference; lastKnownFileType = sourcecode.swift; path = ViewController.swift; sourceTree = "<group>"; };
		F7513E7A21D9EF57009A4939 /* Base */ = {isa = PBXFileReference; lastKnownFileType = file.storyboard; name = Base; path = Base.lproj/Main.storyboard; sourceTree = "<group>"; };
		F7513E7C21D9EF59009A4939 /* Assets.xcassets */ = {isa = PBXFileReference; lastKnownFileType = folder.assetcatalog; path = Assets.xcassets; sourceTree = "<group>"; };
		F7513E7F21D9EF59009A4939 /* Base */ = {isa = PBXFileReference; lastKnownFileType = file.storyboard; name = Base; path = Base.lproj/LaunchScreen.storyboard; sourceTree = "<group>"; };
		F7513E8121D9EF59009A4939 /* Info.plist */ = {isa = PBXFileReference; lastKnownFileType = text.plist.xml; path = Info.plist; sourceTree = "<group>"; };
		F7513E8621D9EF59009A4939 /* tipcalcTests.xctest */ = {isa = PBXFileReference; explicitFileType = wrapper.cfbundle; includeInIndex = 0; path = tipcalcTests.xctest; sourceTree = BUILT_PRODUCTS_DIR; };
		F7513E8A21D9EF59009A4939 /* tipcalcTests.swift */ = {isa = PBXFileReference; lastKnownFileType = sourcecode.swift; path = tipcalcTests.swift; sourceTree = "<group>"; };
		F7513E8C21D9EF59009A4939 /* Info.plist */ = {isa = PBXFileReference; lastKnownFileType = text.plist.xml; path = Info.plist; sourceTree = "<group>"; };
		F7513E9121D9EF59009A4939 /* tipcalcUITests.xctest */ = {isa = PBXFileReference; explicitFileType = wrapper.cfbundle; includeInIndex = 0; path = tipcalcUITests.xctest; sourceTree = BUILT_PRODUCTS_DIR; };
		F7513E9521D9EF59009A4939 /* tipcalcUITests.swift */ = {isa = PBXFileReference; lastKnownFileType = sourcecode.swift; path = tipcalcUITests.swift; sourceTree = "<group>"; };
		F7513E9721D9EF59009A4939 /* Info.plist */ = {isa = PBXFileReference; lastKnownFileType = text.plist.xml; path = Info.plist; sourceTree = "<group>"; };
/* End PBXFileReference section */

/* Begin PBXFrameworksBuildPhase section */
		F7513E6F21D9EF57009A4939 /* Frameworks */ = {
			isa = PBXFrameworksBuildPhase;
			buildActionMask = 2147483647;
			files = (
			);
			runOnlyForDeploymentPostprocessing = 0;
		};
		F7513E8321D9EF59009A4939 /* Frameworks */ = {
			isa = PBXFrameworksBuildPhase;
			buildActionMask = 2147483647;
			files = (
			);
			runOnlyForDeploymentPostprocessing = 0;
		};
		F7513E8E21D9EF59009A4939 /* Frameworks */ = {
			isa = PBXFrameworksBuildPhase;
			buildActionMask = 2147483647;
			files = (
			);
			runOnlyForDeploymentPostprocessing = 0;
		};
/* End PBXFrameworksBuildPhase section */

/* Begin PBXGroup section */
		F7513E6921D9EF57009A4939 = {
			isa = PBXGroup;
			children = (
				F7513E7421D9EF57009A4939 /* tipcalc */,
				F7513E8921D9EF59009A4939 /* tipcalcTests */,
				F7513E9421D9EF59009A4939 /* tipcalcUITests */,
				F7513E7321D9EF57009A4939 /* Products */,
			);
			sourceTree = "<group>";
		};
		F7513E7321D9EF57009A4939 /* Products */ = {
			isa = PBXGroup;
			children = (
				F7513E7221D9EF57009A4939 /* tipcalc.app */,
				F7513E8621D9EF59009A4939 /* tipcalcTests.xctest */,
				F7513E9121D9EF59009A4939 /* tipcalcUITests.xctest */,
			);
			name = Products;
			sourceTree = "<group>";
		};
		F7513E7421D9EF57009A4939 /* tipcalc */ = {
			isa = PBXGroup;
			children = (
				F7513E7521D9EF57009A4939 /* AppDelegate.swift */,
				F7513E7721D9EF57009A4939 /* ViewController.swift */,
				F7513E7921D9EF57009A4939 /* Main.storyboard */,
				F7513E7C21D9EF59009A4939 /* Assets.xcassets */,
				F7513E7E21D9EF59009A4939 /* LaunchScreen.storyboard */,
				F7513E8121D9EF59009A4939 /* Info.plist */,
			);
			path = tipcalc;
			sourceTree = "<group>";
		};
		F7513E8921D9EF59009A4939 /* tipcalcTests */ = {
			isa = PBXGroup;
			children = (
				F7513E8A21D9EF59009A4939 /* tipcalcTests.swift */,
				F7513E8C21D9EF59009A4939 /* Info.plist */,
			);
			path = tipcalcTests;
			sourceTree = "<group>";
		};
		F7513E9421D9EF59009A4939 /* tipcalcUITests */ = {
			isa = PBXGroup;
			children = (
				F7513E9521D9EF59009A4939 /* tipcalcUITests.swift */,
				F7513E9721D9EF59009A4939 /* Info.plist */,
			);
			path = tipcalcUITests;
			sourceTree = "<group>";
		};
/* End PBXGroup section */

/* Begin PBXNativeTarget section */
		F7513E7121D9EF57009A4939 /* tipcalc */ = {
			isa = PBXNativeTarget;
			buildConfigurationList = F7513E9A21D9EF59009A4939 /* Build configuration list for PBXNativeTarget "tipcalc" */;
			buildPhases = (
				F7513E6E21D9EF57009A4939 /* Sources */,
				F7513E6F21D9EF57009A4939 /* Frameworks */,
				F7513E7021D9EF57009A4939 /* Resources */,
			);
			buildRules = (
			);
			dependencies = (
			);
			name = tipcalc;
			productName = tipcalc;
			productReference = F7513E7221D9EF57009A4939 /* tipcalc.app */;
			productType = "com.apple.product-type.application";
		};
		F7513E8521D9EF59009A4939 /* tipcalcTests */ = {
			isa = PBXNativeTarget;
			buildConfigurationList = F7513E9D21D9EF59009A4939 /* Build configuration list for PBXNativeTarget "tipcalcTests" */;
			buildPhases = (
				F7513E8221D9EF59009A4939 /* Sources */,
				F7513E8321D9EF59009A4939 /* Frameworks */,
				F7513E8421D9EF59009A4939 /* Resources */,
			);
			buildRules = (
			);
			dependencies = (
				F7513E8821D9EF59009A4939 /* PBXTargetDependency */,
			);
			name = tipcalcTests;
			productName = tipcalcTests;
			productReference = F7513E8621D9EF59009A4939 /* tipcalcTests.xctest */;
			productType = "com.apple.product-type.bundle.unit-test";
		};
		F7513E9021D9EF59009A4939 /* tipcalcUITests */ = {
			isa = PBXNativeTarget;
			buildConfigurationList = F7513EA021D9EF59009A4939 /* Build configuration list for PBXNativeTarget "tipcalcUITests" */;
			buildPhases = (
				F7513E8D21D9EF59009A4939 /* Sources */,
				F7513E8E21D9EF59009A4939 /* Frameworks */,
				F7513E8F21D9EF59009A4939 /* Resources */,
			);
			buildRules = (
			);
			dependencies = (
				F7513E9321D9EF59009A4939 /* PBXTargetDependency */,
			);
			name = tipcalcUITests;
			productName = tipcalcUITests;
			productReference = F7513E9121D9EF59009A4939 /* tipcalcUITests.xctest */;
			productType = "com.apple.product-type.bundle.ui-testing";
		};
/* End PBXNativeTarget section */

/* Begin PBXProject section */
		F7513E6A21D9EF57009A4939 /* Project object */ = {
			isa = PBXProject;
			attributes = {
				LastSwiftUpdateCheck = 1010;
				LastUpgradeCheck = 1010;
				ORGANIZATIONNAME = Shafie;
				TargetAttributes = {
					F7513E7121D9EF57009A4939 = {
						CreatedOnToolsVersion = 10.1;
					};
					F7513E8521D9EF59009A4939 = {
						CreatedOnToolsVersion = 10.1;
						TestTargetID = F7513E7121D9EF57009A4939;
					};
					F7513E9021D9EF59009A4939 = {
						CreatedOnToolsVersion = 10.1;
						TestTargetID = F7513E7121D9EF57009A4939;
					};
				};
			};
			buildConfigurationList = F7513E6D21D9EF57009A4939 /* Build configuration list for PBXProject "tipcalc" */;
			compatibilityVersion = "Xcode 9.3";
			developmentRegion = en;
			hasScannedForEncodings = 0;
			knownRegions = (
				en,
				Base,
			);
			mainGroup = F7513E6921D9EF57009A4939;
			productRefGroup = F7513E7321D9EF57009A4939 /* Products */;
			projectDirPath = "";
			projectRoot = "";
			targets = (
				F7513E7121D9EF57009A4939 /* tipcalc */,
				F7513E8521D9EF59009A4939 /* tipcalcTests */,
				F7513E9021D9EF59009A4939 /* tipcalcUITests */,
			);
		};
/* End PBXProject section */

/* Begin PBXResourcesBuildPhase section */
		F7513E7021D9EF57009A4939 /* Resources */ = {
			isa = PBXResourcesBuildPhase;
			buildActionMask = 2147483647;
			files = (
				F7513E8021D9EF59009A4939 /* LaunchScreen.storyboard in Resources */,
				F7513E7D21D9EF59009A4939 /* Assets.xcassets in Resources */,
				F7513E7B21D9EF57009A4939 /* Main.storyboard in Resources */,
			);
			runOnlyForDeploymentPostprocessing = 0;
		};
		F7513E8421D9EF59009A4939 /* Resources */ = {
			isa = PBXResourcesBuildPhase;
			buildActionMask = 2147483647;
			files = (
			);
			runOnlyForDeploymentPostprocessing = 0;
		};
		F7513E8F21D9EF59009A4939 /* Resources */ = {
			isa = PBXResourcesBuildPhase;
			buildActionMask = 2147483647;
			files = (
			);
			runOnlyForDeploymentPostprocessing = 0;
		};
/* End PBXResourcesBuildPhase section */

/* Begin PBXSourcesBuildPhase section */
		F7513E6E21D9EF57009A4939 /* Sources */ = {
			isa = PBXSourcesBuildPhase;
			buildActionMask = 2147483647;
			files = (
				F7513E7821D9EF57009A4939 /* ViewController.swift in Sources */,
				F7513E7621D9EF57009A4939 /* AppDelegate.swift in Sources */,
			);
			runOnlyForDeploymentPostprocessing = 0;
		};
		F7513E8221D9EF59009A4939 /* Sources */ = {
			isa = PBXSourcesBuildPhase;
			buildActionMask = 2147483647;
			files = (
				F7513E8B21D9EF59009A4939 /* tipcalcTests.swift in Sources */,
			);
			runOnlyForDeploymentPostprocessing = 0;
		};
		F7513E8D21D9EF59009A4939 /* Sources */ = {
			isa = PBXSourcesBuildPhase;
			buildActionMask = 2147483647;
			files = (
				F7513E9621D9EF59009A4939 /* tipcalcUITests.swift in Sources */,
			);
			runOnlyForDeploymentPostprocessing = 0;
		};
/* End PBXSourcesBuildPhase section */

/* Begin PBXTargetDependency section */
		F7513E8821D9EF59009A4939 /* PBXTargetDependency */ = {
			isa = PBXTargetDependency;
			target = F7513E7121D9EF57009A4939 /* tipcalc */;
			targetProxy = F7513E8721D9EF59009A4939 /* PBXContainerItemProxy */;
		};
		F7513E9321D9EF59009A4939 /* PBXTargetDependency */ = {
			isa = PBXTargetDependency;
			target = F7513E7121D9EF57009A4939 /* tipcalc */;
			targetProxy = F7513E9221D9EF59009A4939 /* PBXContainerItemProxy */;
		};
/* End PBXTargetDependency section */

/* Begin PBXVariantGroup section */
		F7513E7921D9EF57009A4939 /* Main.storyboard */ = {
			isa = PBXVariantGroup;
			children = (
				F7513E7A21D9EF57009A4939 /* Base */,
			);
			name = Main.storyboard;
			sourceTree = "<group>";
		};
		F7513E7E21D9EF59009A4939 /* LaunchScreen.storyboard */ = {
			isa = PBXVariantGroup;
			children = (
				F7513E7F21D9EF59009A4939 /* Base */,
			);
			name = LaunchScreen.storyboard;
			sourceTree = "<group>";
		};
/* End PBXVariantGroup section */

/* Begin XCBuildConfiguration section */
		F7513E9821D9EF59009A4939 /* Debug */ = {
			isa = XCBuildConfiguration;
			buildSettings = {
				ALWAYS_SEARCH_USER_PATHS = NO;
				CLANG_ANALYZER_NONNULL = YES;
				CLANG_ANALYZER_NUMBER_OBJECT_CONVERSION = YES_AGGRESSIVE;
				CLANG_CXX_LANGUAGE_STANDARD = "gnu++14";
				CLANG_CXX_LIBRARY = "libc++";
				CLANG_ENABLE_MODULES = YES;
				CLANG_ENABLE_OBJC_ARC = YES;
				CLANG_ENABLE_OBJC_WEAK = YES;
				CLANG_WARN_BLOCK_CAPTURE_AUTORELEASING = YES;
				CLANG_WARN_BOOL_CONVERSION = YES;
				CLANG_WARN_COMMA = YES;
				CLANG_WARN_CONSTANT_CONVERSION = YES;
				CLANG_WARN_DEPRECATED_OBJC_IMPLEMENTATIONS = YES;
				CLANG_WARN_DIRECT_OBJC_ISA_USAGE = YES_ERROR;
				CLANG_WARN_DOCUMENTATION_COMMENTS = YES;
				CLANG_WARN_EMPTY_BODY = YES;
				CLANG_WARN_ENUM_CONVERSION = YES;
				CLANG_WARN_INFINITE_RECURSION = YES;
				CLANG_WARN_INT_CONVERSION = YES;
				CLANG_WARN_NON_LITERAL_NULL_CONVERSION = YES;
				CLANG_WARN_OBJC_IMPLICIT_RETAIN_SELF = YES;
				CLANG_WARN_OBJC_LITERAL_CONVERSION = YES;
				CLANG_WARN_OBJC_ROOT_CLASS = YES_ERROR;
				CLANG_WARN_RANGE_LOOP_ANALYSIS = YES;
				CLANG_WARN_STRICT_PROTOTYPES = YES;
				CLANG_WARN_SUSPICIOUS_MOVE = YES;
				CLANG_WARN_UNGUARDED_AVAILABILITY = YES_AGGRESSIVE;
				CLANG_WARN_UNREACHABLE_CODE = YES;
				CLANG_WARN__DUPLICATE_METHOD_MATCH = YES;
				CODE_SIGN_IDENTITY = "iPhone Developer";
				COPY_PHASE_STRIP = NO;
				DEBUG_INFORMATION_FORMAT = dwarf;
				ENABLE_STRICT_OBJC_MSGSEND = YES;
				ENABLE_TESTABILITY = YES;
				GCC_C_LANGUAGE_STANDARD = gnu11;
				GCC_DYNAMIC_NO_PIC = NO;
				GCC_NO_COMMON_BLOCKS = YES;
				GCC_OPTIMIZATION_LEVEL = 0;
				GCC_PREPROCESSOR_DEFINITIONS = (
					"DEBUG=1",
					"$(inherited)",
				);
				GCC_WARN_64_TO_32_BIT_CONVERSION = YES;
				GCC_WARN_ABOUT_RETURN_TYPE = YES_ERROR;
				GCC_WARN_UNDECLARED_SELECTOR = YES;
				GCC_WARN_UNINITIALIZED_AUTOS = YES_AGGRESSIVE;
				GCC_WARN_UNUSED_FUNCTION = YES;
				GCC_WARN_UNUSED_VARIABLE = YES;
				IPHONEOS_DEPLOYMENT_TARGET = 12.1;
				MTL_ENABLE_DEBUG_INFO = INCLUDE_SOURCE;
				MTL_FAST_MATH = YES;
				ONLY_ACTIVE_ARCH = YES;
				SDKROOT = iphoneos;
				SWIFT_ACTIVE_COMPILATION_CONDITIONS = DEBUG;
				SWIFT_OPTIMIZATION_LEVEL = "-Onone";
			};
			name = Debug;
		};
		F7513E9921D9EF59009A4939 /* Release */ = {
			isa = XCBuildConfiguration;
			buildSettings = {
				ALWAYS_SEARCH_USER_PATHS = NO;
				CLANG_ANALYZER_NONNULL = YES;
				CLANG_ANALYZER_NUMBER_OBJECT_CONVERSION = YES_AGGRESSIVE;
				CLANG_CXX_LANGUAGE_STANDARD = "gnu++14";
				CLANG_CXX_LIBRARY = "libc++";
				CLANG_ENABLE_MODULES = YES;
				CLANG_ENABLE_OBJC_ARC = YES;
				CLANG_ENABLE_OBJC_WEAK = YES;
				CLANG_WARN_BLOCK_CAPTURE_AUTORELEASING = YES;
				CLANG_WARN_BOOL_CONVERSION = YES;
				CLANG_WARN_COMMA = YES;
				CLANG_WARN_CONSTANT_CONVERSION = YES;
				CLANG_WARN_DEPRECATED_OBJC_IMPLEMENTATIONS = YES;
				CLANG_WARN_DIRECT_OBJC_ISA_USAGE = YES_ERROR;
				CLANG_WARN_DOCUMENTATION_COMMENTS = YES;
				CLANG_WARN_EMPTY_BODY = YES;
				CLANG_WARN_ENUM_CONVERSION = YES;
				CLANG_WARN_INFINITE_RECURSION = YES;
				CLANG_WARN_INT_CONVERSION = YES;
				CLANG_WARN_NON_LITERAL_NULL_CONVERSION = YES;
				CLANG_WARN_OBJC_IMPLICIT_RETAIN_SELF = YES;
				CLANG_WARN_OBJC_LITERAL_CONVERSION = YES;
				CLANG_WARN_OBJC_ROOT_CLASS = YES_ERROR;
				CLANG_WARN_RANGE_LOOP_ANALYSIS = YES;
				CLANG_WARN_STRICT_PROTOTYPES = YES;
				CLANG_WARN_SUSPICIOUS_MOVE = YES;
				CLANG_WARN_UNGUARDED_AVAILABILITY = YES_AGGRESSIVE;
				CLANG_WARN_UNREACHABLE_CODE = YES;
				CLANG_WARN__DUPLICATE_METHOD_MATCH = YES;
				CODE_SIGN_IDENTITY = "iPhone Developer";
				COPY_PHASE_STRIP = NO;
				DEBUG_INFORMATION_FORMAT = "dwarf-with-dsym";
				ENABLE_NS_ASSERTIONS = NO;
				ENABLE_STRICT_OBJC_MSGSEND = YES;
				GCC_C_LANGUAGE_STANDARD = gnu11;
				GCC_NO_COMMON_BLOCKS = YES;
				GCC_WARN_64_TO_32_BIT_CONVERSION = YES;
				GCC_WARN_ABOUT_RETURN_TYPE = YES_ERROR;
				GCC_WARN_UNDECLARED_SELECTOR = YES;
				GCC_WARN_UNINITIALIZED_AUTOS = YES_AGGRESSIVE;
				GCC_WARN_UNUSED_FUNCTION = YES;
				GCC_WARN_UNUSED_VARIABLE = YES;
				IPHONEOS_DEPLOYMENT_TARGET = 12.1;
				MTL_ENABLE_DEBUG_INFO = NO;
				MTL_FAST_MATH = YES;
				SDKROOT = iphoneos;
				SWIFT_COMPILATION_MODE = wholemodule;
				SWIFT_OPTIMIZATION_LEVEL = "-O";
				VALIDATE_PRODUCT = YES;
			};
			name = Release;
		};
		F7513E9B21D9EF59009A4939 /* Debug */ = {
			isa = XCBuildConfiguration;
			buildSettings = {
				ASSETCATALOG_COMPILER_APPICON_NAME = AppIcon;
				CODE_SIGN_STYLE = Automatic;
				INFOPLIST_FILE = tipcalc/Info.plist;
				LD_RUNPATH_SEARCH_PATHS = (
					"$(inherited)",
					"@executable_path/Frameworks",
				);
				PRODUCT_BUNDLE_IDENTIFIER = com.shafie.tipcalc;
				PRODUCT_NAME = "$(TARGET_NAME)";
				SWIFT_VERSION = 4.2;
				TARGETED_DEVICE_FAMILY = "1,2";
			};
			name = Debug;
		};
		F7513E9C21D9EF59009A4939 /* Release */ = {
			isa = XCBuildConfiguration;
			buildSettings = {
				ASSETCATALOG_COMPILER_APPICON_NAME = AppIcon;
				CODE_SIGN_STYLE = Automatic;
				INFOPLIST_FILE = tipcalc/Info.plist;
				LD_RUNPATH_SEARCH_PATHS = (
					"$(inherited)",
					"@executable_path/Frameworks",
				);
				PRODUCT_BUNDLE_IDENTIFIER = com.shafie.tipcalc;
				PRODUCT_NAME = "$(TARGET_NAME)";
				SWIFT_VERSION = 4.2;
				TARGETED_DEVICE_FAMILY = "1,2";
			};
			name = Release;
		};
		F7513E9E21D9EF59009A4939 /* Debug */ = {
			isa = XCBuildConfiguration;
			buildSettings = {
				ALWAYS_EMBED_SWIFT_STANDARD_LIBRARIES = YES;
				BUNDLE_LOADER = "$(TEST_HOST)";
				CODE_SIGN_STYLE = Automatic;
				INFOPLIST_FILE = tipcalcTests/Info.plist;
				LD_RUNPATH_SEARCH_PATHS = (
					"$(inherited)",
					"@executable_path/Frameworks",
					"@loader_path/Frameworks",
				);
				PRODUCT_BUNDLE_IDENTIFIER = com.shafie.tipcalcTests;
				PRODUCT_NAME = "$(TARGET_NAME)";
				SWIFT_VERSION = 4.2;
				TARGETED_DEVICE_FAMILY = "1,2";
				TEST_HOST = "$(BUILT_PRODUCTS_DIR)/tipcalc.app/tipcalc";
			};
			name = Debug;
		};
		F7513E9F21D9EF59009A4939 /* Release */ = {
			isa = XCBuildConfiguration;
			buildSettings = {
				ALWAYS_EMBED_SWIFT_STANDARD_LIBRARIES = YES;
				BUNDLE_LOADER = "$(TEST_HOST)";
				CODE_SIGN_STYLE = Automatic;
				INFOPLIST_FILE = tipcalcTests/Info.plist;
				LD_RUNPATH_SEARCH_PATHS = (
					"$(inherited)",
					"@executable_path/Frameworks",
					"@loader_path/Frameworks",
				);
				PRODUCT_BUNDLE_IDENTIFIER = com.shafie.tipcalcTests;
				PRODUCT_NAME = "$(TARGET_NAME)";
				SWIFT_VERSION = 4.2;
				TARGETED_DEVICE_FAMILY = "1,2";
				TEST_HOST = "$(BUILT_PRODUCTS_DIR)/tipcalc.app/tipcalc";
			};
			name = Release;
		};
		F7513EA121D9EF59009A4939 /* Debug */ = {
			isa = XCBuildConfiguration;
			buildSettings = {
				ALWAYS_EMBED_SWIFT_STANDARD_LIBRARIES = YES;
				CODE_SIGN_STYLE = Automatic;
				INFOPLIST_FILE = tipcalcUITests/Info.plist;
				LD_RUNPATH_SEARCH_PATHS = (
					"$(inherited)",
					"@executable_path/Frameworks",
					"@loader_path/Frameworks",
				);
				PRODUCT_BUNDLE_IDENTIFIER = com.shafie.tipcalcUITests;
				PRODUCT_NAME = "$(TARGET_NAME)";
				SWIFT_VERSION = 4.2;
				TARGETED_DEVICE_FAMILY = "1,2";
				TEST_TARGET_NAME = tipcalc;
			};
			name = Debug;
		};
		F7513EA221D9EF59009A4939 /* Release */ = {
			isa = XCBuildConfiguration;
			buildSettings = {
				ALWAYS_EMBED_SWIFT_STANDARD_LIBRARIES = YES;
				CODE_SIGN_STYLE = Automatic;
				INFOPLIST_FILE = tipcalcUITests/Info.plist;
				LD_RUNPATH_SEARCH_PATHS = (
					"$(inherited)",
					"@executable_path/Frameworks",
					"@loader_path/Frameworks",
				);
				PRODUCT_BUNDLE_IDENTIFIER = com.shafie.tipcalcUITests;
				PRODUCT_NAME = "$(TARGET_NAME)";
				SWIFT_VERSION = 4.2;
				TARGETED_DEVICE_FAMILY = "1,2";
				TEST_TARGET_NAME = tipcalc;
			};
			name = Release;
		};
/* End XCBuildConfiguration section */

/* Begin XCConfigurationList section */
		F7513E6D21D9EF57009A4939 /* Build configuration list for PBXProject "tipcalc" */ = {
			isa = XCConfigurationList;
			buildConfigurations = (
				F7513E9821D9EF59009A4939 /* Debug */,
				F7513E9921D9EF59009A4939 /* Release */,
			);
			defaultConfigurationIsVisible = 0;
			defaultConfigurationName = Release;
		};
		F7513E9A21D9EF59009A4939 /* Build configuration list for PBXNativeTarget "tipcalc" */ = {
			isa = XCConfigurationList;
			buildConfigurations = (
				F7513E9B21D9EF59009A4939 /* Debug */,
				F7513E9C21D9EF59009A4939 /* Release */,
			);
			defaultConfigurationIsVisible = 0;
			defaultConfigurationName = Release;
		};
		F7513E9D21D9EF59009A4939 /* Build configuration list for PBXNativeTarget "tipcalcTests" */ = {
			isa = XCConfigurationList;
			buildConfigurations = (
				F7513E9E21D9EF59009A4939 /* Debug */,
				F7513E9F21D9EF59009A4939 /* Release */,
			);
			defaultConfigurationIsVisible = 0;
			defaultConfigurationName = Release;
		};
		F7513EA021D9EF59009A4939 /* Build configuration list for PBXNativeTarget "tipcalcUITests" */ = {
			isa = XCConfigurationList;
			buildConfigurations = (
				F7513EA121D9EF59009A4939 /* Debug */,
				F7513EA221D9EF59009A4939 /* Release */,
			);
			defaultConfigurationIsVisible = 0;
			defaultConfigurationName = Release;
		};
/* End XCConfigurationList section */
	};
	rootObject = F7513E6A21D9EF57009A4939 /* Project object */;
}
